
Microsoft Visual Studio Solution File, Format Version 12.00
Project("{FAE04EC0-301F-11D3-BF4B-00C04F79EFBC}") = "Timetrack", "src\Timetrack\Timetrack.csproj", "{D97270BF-AACC-4545-9EB1-ECE3F5F61085}"
EndProject
Project("{FAE04EC0-301F-11D3-BF4B-00C04F79EFBC}") = "ApplicationCore", "src\ApplicationCore\ApplicationCore.csproj", "{1A885E70-6D88-4620-BE40-26544E81B375}"
EndProject
Project("{FAE04EC0-301F-11D3-BF4B-00C04F79EFBC}") = "Infrastructure", "src\Infrastructure\Infrastructure.csproj", "{798D43A0-797F-40DA-BE21-CFAC833ACFB0}"
EndProject
Project("{2150E333-8FDC-42A3-9474-1A3956D46DE8}") = "src", "src", "{A325A763-A230-4522-A2AB-488292FE8CB5}"
EndProject
Project("{2150E333-8FDC-42A3-9474-1A3956D46DE8}") = "tests", "tests", "{B2D4234B-26EE-4664-9A24-3EAC2A4ACCBA}"
EndProject
Project("{FAE04EC0-301F-11D3-BF4B-00C04F79EFBC}") = "ApplicationCore.UnitTests", "tests\ApplicationCore.UnitTests\ApplicationCore.UnitTests.csproj", "{7A4622C1-F828-442B-A183-506CCC5B3F60}"
EndProject
Project("{FAE04EC0-301F-11D3-BF4B-00C04F79EFBC}") = "Test.Shared", "tests\Test.Shared\Test.Shared.csproj", "{0C289DCF-2F3F-41DE-8A77-DFC263DB49E7}"
EndProject
Project("{FAE04EC0-301F-11D3-BF4B-00C04F79EFBC}") = "Infrastructure.UnitTests", "tests\Infrastructure.UnitTests\Infrastructure.UnitTests.csproj", "{572CBD22-8D5F-4551-A970-AA64B52FD194}"
EndProject
Global
	GlobalSection(SolutionConfigurationPlatforms) = preSolution
		Debug|Any CPU = Debug|Any CPU
		Release|Any CPU = Release|Any CPU
	EndGlobalSection
	GlobalSection(ProjectConfigurationPlatforms) = postSolution
		{D97270BF-AACC-4545-9EB1-ECE3F5F61085}.Debug|Any CPU.ActiveCfg = Debug|Any CPU
		{D97270BF-AACC-4545-9EB1-ECE3F5F61085}.Debug|Any CPU.Build.0 = Debug|Any CPU
		{D97270BF-AACC-4545-9EB1-ECE3F5F61085}.Release|Any CPU.ActiveCfg = Release|Any CPU
		{D97270BF-AACC-4545-9EB1-ECE3F5F61085}.Release|Any CPU.Build.0 = Release|Any CPU
		{1A885E70-6D88-4620-BE40-26544E81B375}.Debug|Any CPU.ActiveCfg = Debug|Any CPU
		{1A885E70-6D88-4620-BE40-26544E81B375}.Debug|Any CPU.Build.0 = Debug|Any CPU
		{1A885E70-6D88-4620-BE40-26544E81B375}.Release|Any CPU.ActiveCfg = Release|Any CPU
		{1A885E70-6D88-4620-BE40-26544E81B375}.Release|Any CPU.Build.0 = Release|Any CPU
		{798D43A0-797F-40DA-BE21-CFAC833ACFB0}.Debug|Any CPU.ActiveCfg = Debug|Any CPU
		{798D43A0-797F-40DA-BE21-CFAC833ACFB0}.Debug|Any CPU.Build.0 = Debug|Any CPU
		{798D43A0-797F-40DA-BE21-CFAC833ACFB0}.Release|Any CPU.ActiveCfg = Release|Any CPU
		{798D43A0-797F-40DA-BE21-CFAC833ACFB0}.Release|Any CPU.Build.0 = Release|Any CPU
		{7A4622C1-F828-442B-A183-506CCC5B3F60}.Debug|Any CPU.ActiveCfg = Debug|Any CPU
		{7A4622C1-F828-442B-A183-506CCC5B3F60}.Debug|Any CPU.Build.0 = Debug|Any CPU
		{7A4622C1-F828-442B-A183-506CCC5B3F60}.Release|Any CPU.ActiveCfg = Release|Any CPU
		{7A4622C1-F828-442B-A183-506CCC5B3F60}.Release|Any CPU.Build.0 = Release|Any CPU
		{0C289DCF-2F3F-41DE-8A77-DFC263DB49E7}.Debug|Any CPU.ActiveCfg = Debug|Any CPU
		{0C289DCF-2F3F-41DE-8A77-DFC263DB49E7}.Debug|Any CPU.Build.0 = Debug|Any CPU
		{0C289DCF-2F3F-41DE-8A77-DFC263DB49E7}.Release|Any CPU.ActiveCfg = Release|Any CPU
		{0C289DCF-2F3F-41DE-8A77-DFC263DB49E7}.Release|Any CPU.Build.0 = Release|Any CPU
		{572CBD22-8D5F-4551-A970-AA64B52FD194}.Debug|Any CPU.ActiveCfg = Debug|Any CPU
		{572CBD22-8D5F-4551-A970-AA64B52FD194}.Debug|Any CPU.Build.0 = Debug|Any CPU
		{572CBD22-8D5F-4551-A970-AA64B52FD194}.Release|Any CPU.ActiveCfg = Release|Any CPU
		{572CBD22-8D5F-4551-A970-AA64B52FD194}.Release|Any CPU.Build.0 = Release|Any CPU
	EndGlobalSection
	GlobalSection(NestedProjects) = preSolution
		{1A885E70-6D88-4620-BE40-26544E81B375} = {A325A763-A230-4522-A2AB-488292FE8CB5}
		{798D43A0-797F-40DA-BE21-CFAC833ACFB0} = {A325A763-A230-4522-A2AB-488292FE8CB5}
		{D97270BF-AACC-4545-9EB1-ECE3F5F61085} = {A325A763-A230-4522-A2AB-488292FE8CB5}
		{7A4622C1-F828-442B-A183-506CCC5B3F60} = {B2D4234B-26EE-4664-9A24-3EAC2A4ACCBA}
		{0C289DCF-2F3F-41DE-8A77-DFC263DB49E7} = {B2D4234B-26EE-4664-9A24-3EAC2A4ACCBA}
		{572CBD22-8D5F-4551-A970-AA64B52FD194} = {B2D4234B-26EE-4664-9A24-3EAC2A4ACCBA}
	EndGlobalSection
EndGlobal
